
Microsoft Visual Studio Solution File, Format Version 12.00
# Visual Studio Version 16
VisualStudioVersion = 16.0.29728.190
MinimumVisualStudioVersion = 10.0.40219.1
Project("{FAE04EC0-301F-11D3-BF4B-00C04F79EFBC}") = "techburst_group2", "techburst_group2\techburst_group2.csproj", "{1F634E88-41F0-4C27-8888-57A063C1104E}"
EndProject
Global
	GlobalSection(SolutionConfigurationPlatforms) = preSolution
		Debug|Any CPU = Debug|Any CPU
		Release|Any CPU = Release|Any CPU
	EndGlobalSection
	GlobalSection(ProjectConfigurationPlatforms) = postSolution
		{1F634E88-41F0-4C27-8888-57A063C1104E}.Debug|Any CPU.ActiveCfg = Debug|Any CPU
		{1F634E88-41F0-4C27-8888-57A063C1104E}.Debug|Any CPU.Build.0 = Debug|Any CPU
		{1F634E88-41F0-4C27-8888-57A063C1104E}.Release|Any CPU.ActiveCfg = Release|Any CPU
		{1F634E88-41F0-4C27-8888-57A063C1104E}.Release|Any CPU.Build.0 = Release|Any CPU
	EndGlobalSection
	GlobalSection(SolutionProperties) = preSolution
		HideSolutionNode = FALSE
	EndGlobalSection
	GlobalSection(ExtensibilityGlobals) = postSolution
		SolutionGuid = {35F66832-E945-4074-927A-8F48AFF7445C}
	EndGlobalSection
EndGlobal
