
Microsoft Visual Studio Solution File, Format Version 12.00
# Visual Studio Version 16
VisualStudioVersion = 16.0.29728.190
MinimumVisualStudioVersion = 10.0.40219.1
Project("{9A19103F-16F7-4668-BE54-9A1E7A4F7556}") = "techburst_group2", "techburst_group2\techburst_group2.csproj", "{1F634E88-41F0-4C27-8888-57A063C1104E}"
EndProject
Project("{9A19103F-16F7-4668-BE54-9A1E7A4F7556}") = "techburst_Data Access Layer", "techburst_Data Access Layer\techburst_Data Access Layer.csproj", "{DCB40C3D-4336-4E34-8399-0C048964C6D0}"
EndProject
Project("{9A19103F-16F7-4668-BE54-9A1E7A4F7556}") = "techburst_Interface", "techburst_Interface\techburst_Interface.csproj", "{5BDAEE08-896E-4FE9-9502-6C9B625B115D}"
EndProject
Project("{FAE04EC0-301F-11D3-BF4B-00C04F79EFBC}") = "techburst_BusinessLogic", "techburst_BusinessLogic\techburst_BusinessLogic.csproj", "{B7A44783-1963-4C0C-8BB3-595D9392A53A}"
EndProject
Project("{FAE04EC0-301F-11D3-BF4B-00C04F79EFBC}") = "Factories", "Factories\Factories.csproj", "{8D6F6276-0938-4090-95A1-924FD7787EC5}"
EndProject
Global
	GlobalSection(SolutionConfigurationPlatforms) = preSolution
		Debug|Any CPU = Debug|Any CPU
		Release|Any CPU = Release|Any CPU
	EndGlobalSection
	GlobalSection(ProjectConfigurationPlatforms) = postSolution
		{1F634E88-41F0-4C27-8888-57A063C1104E}.Debug|Any CPU.ActiveCfg = Debug|Any CPU
		{1F634E88-41F0-4C27-8888-57A063C1104E}.Debug|Any CPU.Build.0 = Debug|Any CPU
		{1F634E88-41F0-4C27-8888-57A063C1104E}.Release|Any CPU.ActiveCfg = Release|Any CPU
		{1F634E88-41F0-4C27-8888-57A063C1104E}.Release|Any CPU.Build.0 = Release|Any CPU
		{DCB40C3D-4336-4E34-8399-0C048964C6D0}.Debug|Any CPU.ActiveCfg = Debug|Any CPU
		{DCB40C3D-4336-4E34-8399-0C048964C6D0}.Debug|Any CPU.Build.0 = Debug|Any CPU
		{DCB40C3D-4336-4E34-8399-0C048964C6D0}.Release|Any CPU.ActiveCfg = Release|Any CPU
		{DCB40C3D-4336-4E34-8399-0C048964C6D0}.Release|Any CPU.Build.0 = Release|Any CPU
		{5BDAEE08-896E-4FE9-9502-6C9B625B115D}.Debug|Any CPU.ActiveCfg = Debug|Any CPU
		{5BDAEE08-896E-4FE9-9502-6C9B625B115D}.Debug|Any CPU.Build.0 = Debug|Any CPU
		{5BDAEE08-896E-4FE9-9502-6C9B625B115D}.Release|Any CPU.ActiveCfg = Release|Any CPU
		{5BDAEE08-896E-4FE9-9502-6C9B625B115D}.Release|Any CPU.Build.0 = Release|Any CPU
		{B7A44783-1963-4C0C-8BB3-595D9392A53A}.Debug|Any CPU.ActiveCfg = Debug|Any CPU
		{B7A44783-1963-4C0C-8BB3-595D9392A53A}.Debug|Any CPU.Build.0 = Debug|Any CPU
		{B7A44783-1963-4C0C-8BB3-595D9392A53A}.Release|Any CPU.ActiveCfg = Release|Any CPU
		{B7A44783-1963-4C0C-8BB3-595D9392A53A}.Release|Any CPU.Build.0 = Release|Any CPU
		{8D6F6276-0938-4090-95A1-924FD7787EC5}.Debug|Any CPU.ActiveCfg = Debug|Any CPU
		{8D6F6276-0938-4090-95A1-924FD7787EC5}.Debug|Any CPU.Build.0 = Debug|Any CPU
		{8D6F6276-0938-4090-95A1-924FD7787EC5}.Release|Any CPU.ActiveCfg = Release|Any CPU
		{8D6F6276-0938-4090-95A1-924FD7787EC5}.Release|Any CPU.Build.0 = Release|Any CPU
	EndGlobalSection
	GlobalSection(SolutionProperties) = preSolution
		HideSolutionNode = FALSE
	EndGlobalSection
	GlobalSection(ExtensibilityGlobals) = postSolution
		SolutionGuid = {35F66832-E945-4074-927A-8F48AFF7445C}
	EndGlobalSection
EndGlobal
